// !$*UTF8*$!
{
	archiveVersion = 1;
	classes = {
	};
	objectVersion = 53;
	objects = {

/* Begin PBXBuildFile section */
		4219360923AE861000738FB7 /* SceneDelegate.swift in Sources */ = {isa = PBXBuildFile; fileRef = 4219360823AE861000738FB7 /* SceneDelegate.swift */; };
		424854502439BAFB0019655C /* Authentication.framework in Frameworks */ = {isa = PBXBuildFile; fileRef = 426F9AE223C6437C00A8437A /* Authentication.framework */; };
		424854512439BAFB0019655C /* Authentication.framework in Embed Frameworks */ = {isa = PBXBuildFile; fileRef = 426F9AE223C6437C00A8437A /* Authentication.framework */; settings = {ATTRIBUTES = (CodeSignOnCopy, RemoveHeadersOnCopy, ); }; };
		426F9AEB23C6437C00A8437A /* Authentication.framework in Frameworks */ = {isa = PBXBuildFile; fileRef = 426F9AE223C6437C00A8437A /* Authentication.framework */; };
		426F9AF223C6437C00A8437A /* AuthenticationTests.swift in Sources */ = {isa = PBXBuildFile; fileRef = 426F9AF123C6437C00A8437A /* AuthenticationTests.swift */; };
		426F9AFF23C6438D00A8437A /* AuthenticationViewModel.swift in Sources */ = {isa = PBXBuildFile; fileRef = 4219360423AE799000738FB7 /* AuthenticationViewModel.swift */; };
		426F9B0023C6438D00A8437A /* AuthenticationView.swift in Sources */ = {isa = PBXBuildFile; fileRef = 4219360623AE7B3400738FB7 /* AuthenticationView.swift */; };
		4286E8B2240AACFB0067D2FD /* ForgotPasswordView.swift in Sources */ = {isa = PBXBuildFile; fileRef = 4286E8B1240AACFB0067D2FD /* ForgotPasswordView.swift */; };
		42FD127824389BAB0078CF1B /* Pods_Authentication.framework in Frameworks */ = {isa = PBXBuildFile; fileRef = 42A923BD24367DBA002DC201 /* Pods_Authentication.framework */; };
		47729E0622F447C800B9B36B /* AppDelegate.swift in Sources */ = {isa = PBXBuildFile; fileRef = 47729E0522F447C800B9B36B /* AppDelegate.swift */; };
		47729E0D22F447CA00B9B36B /* Assets.xcassets in Resources */ = {isa = PBXBuildFile; fileRef = 47729E0C22F447CA00B9B36B /* Assets.xcassets */; };
		47729E1B22F447CA00B9B36B /* KotlinIOSTests.swift in Sources */ = {isa = PBXBuildFile; fileRef = 47729E1A22F447CA00B9B36B /* KotlinIOSTests.swift */; };
		47729E2622F447CA00B9B36B /* KotlinIOSUITests.swift in Sources */ = {isa = PBXBuildFile; fileRef = 47729E2522F447CA00B9B36B /* KotlinIOSUITests.swift */; };
		5F93BF94B290178CF647DCC4 /* Pods_Authentication_AuthenticationTests.framework in Frameworks */ = {isa = PBXBuildFile; fileRef = D521F9374E39DDA8DA0D0113 /* Pods_Authentication_AuthenticationTests.framework */; };
		7BE8F42B52AACC021E910E2C /* Pods_KotlinIOS.framework in Frameworks */ = {isa = PBXBuildFile; fileRef = E28AA8248071AF246C6AA00B /* Pods_KotlinIOS.framework */; };
		F011540F3B1906614EA7AB55 /* Pods_KotlinIOS_KotlinIOSUITests.framework in Frameworks */ = {isa = PBXBuildFile; fileRef = 8A0CD7BCEDC33CD83C937A34 /* Pods_KotlinIOS_KotlinIOSUITests.framework */; };
		FAA0C5AEA82665D5A660937E /* Pods_KotlinIOSTests.framework in Frameworks */ = {isa = PBXBuildFile; fileRef = 55DECCFEE8F92F2FDFCFEBE4 /* Pods_KotlinIOSTests.framework */; };
/* End PBXBuildFile section */

/* Begin PBXContainerItemProxy section */
		424854522439BAFB0019655C /* PBXContainerItemProxy */ = {
			isa = PBXContainerItemProxy;
			containerPortal = 47729DFA22F447C800B9B36B /* Project object */;
			proxyType = 1;
			remoteGlobalIDString = 426F9AE123C6437C00A8437A;
			remoteInfo = Authentication;
		};
		426F9AEC23C6437C00A8437A /* PBXContainerItemProxy */ = {
			isa = PBXContainerItemProxy;
			containerPortal = 47729DFA22F447C800B9B36B /* Project object */;
			proxyType = 1;
			remoteGlobalIDString = 426F9AE123C6437C00A8437A;
			remoteInfo = Authentication;
		};
		426F9AEE23C6437C00A8437A /* PBXContainerItemProxy */ = {
			isa = PBXContainerItemProxy;
			containerPortal = 47729DFA22F447C800B9B36B /* Project object */;
			proxyType = 1;
			remoteGlobalIDString = 47729E0122F447C800B9B36B;
			remoteInfo = KotlinIOS;
		};
		47729E1722F447CA00B9B36B /* PBXContainerItemProxy */ = {
			isa = PBXContainerItemProxy;
			containerPortal = 47729DFA22F447C800B9B36B /* Project object */;
			proxyType = 1;
			remoteGlobalIDString = 47729E0122F447C800B9B36B;
			remoteInfo = KotlinIOS;
		};
		47729E2222F447CA00B9B36B /* PBXContainerItemProxy */ = {
			isa = PBXContainerItemProxy;
			containerPortal = 47729DFA22F447C800B9B36B /* Project object */;
			proxyType = 1;
			remoteGlobalIDString = 47729E0122F447C800B9B36B;
			remoteInfo = KotlinIOS;
		};
/* End PBXContainerItemProxy section */

/* Begin PBXCopyFilesBuildPhase section */
		424854542439BAFB0019655C /* Embed Frameworks */ = {
			isa = PBXCopyFilesBuildPhase;
			buildActionMask = 2147483647;
			dstPath = "";
			dstSubfolderSpec = 10;
			files = (
				424854512439BAFB0019655C /* Authentication.framework in Embed Frameworks */,
			);
			name = "Embed Frameworks";
			runOnlyForDeploymentPostprocessing = 0;
		};
/* End PBXCopyFilesBuildPhase section */

/* Begin PBXFileReference section */
		12BAD9DD5C72D414C0C44FE7 /* Pods-Authentication.release.xcconfig */ = {isa = PBXFileReference; includeInIndex = 1; lastKnownFileType = text.xcconfig; name = "Pods-Authentication.release.xcconfig"; path = "Target Support Files/Pods-Authentication/Pods-Authentication.release.xcconfig"; sourceTree = "<group>"; };
		386D9CEBF5599C42265F499F /* Pods-KotlinIOSTests.release.xcconfig */ = {isa = PBXFileReference; includeInIndex = 1; lastKnownFileType = text.xcconfig; name = "Pods-KotlinIOSTests.release.xcconfig"; path = "Target Support Files/Pods-KotlinIOSTests/Pods-KotlinIOSTests.release.xcconfig"; sourceTree = "<group>"; };
		420F7CF12430930F0001F664 /* SharedAuthentication.framework */ = {isa = PBXFileReference; lastKnownFileType = wrapper.framework; name = SharedAuthentication.framework; path = "../../shared/SharedAuthentication/build/fat-framework/SharedAuthentication.framework"; sourceTree = "<group>"; };
		420F7CF62430FD0F0001F664 /* SharedAuthentication.release.xcconfig */ = {isa = PBXFileReference; lastKnownFileType = text.xcconfig; name = SharedAuthentication.release.xcconfig; path = "Pods/Target Support Files/SharedAuthentication/SharedAuthentication.release.xcconfig"; sourceTree = "<group>"; };
		4213267F23B3E09500A8B295 /* SharedCode.framework */ = {isa = PBXFileReference; lastKnownFileType = wrapper.framework; name = SharedCode.framework; path = "../../SharedCommon/build/xcode-frameworks/SharedCode.framework"; sourceTree = "<group>"; };
		4213268423B3E33100A8B295 /* SharedCommon.framework */ = {isa = PBXFileReference; lastKnownFileType = wrapper.framework; name = SharedCommon.framework; path = "../../SharedCommon/build/xcode-frameworks/SharedCommon.framework"; sourceTree = "<group>"; };
		421935FF23AE67C800738FB7 /* xcode-frameworks */ = {isa = PBXFileReference; lastKnownFileType = folder; name = "xcode-frameworks"; path = "../../data/build/xcode-frameworks"; sourceTree = "<group>"; };
		4219360023AE67DA00738FB7 /* data.framework */ = {isa = PBXFileReference; lastKnownFileType = wrapper.framework; name = data.framework; path = "../../data/build/xcode-frameworks/data.framework"; sourceTree = "<group>"; };
		4219360423AE799000738FB7 /* AuthenticationViewModel.swift */ = {isa = PBXFileReference; lastKnownFileType = sourcecode.swift; path = AuthenticationViewModel.swift; sourceTree = "<group>"; };
		4219360623AE7B3400738FB7 /* AuthenticationView.swift */ = {isa = PBXFileReference; lastKnownFileType = sourcecode.swift; path = AuthenticationView.swift; sourceTree = "<group>"; };
		4219360823AE861000738FB7 /* SceneDelegate.swift */ = {isa = PBXFileReference; lastKnownFileType = sourcecode.swift; path = SceneDelegate.swift; sourceTree = "<group>"; };
		426F9AE223C6437C00A8437A /* Authentication.framework */ = {isa = PBXFileReference; explicitFileType = wrapper.framework; includeInIndex = 0; path = Authentication.framework; sourceTree = BUILT_PRODUCTS_DIR; };
		426F9AE523C6437C00A8437A /* Info.plist */ = {isa = PBXFileReference; lastKnownFileType = text.plist.xml; path = Info.plist; sourceTree = "<group>"; };
		426F9AEA23C6437C00A8437A /* AuthenticationTests.xctest */ = {isa = PBXFileReference; explicitFileType = wrapper.cfbundle; includeInIndex = 0; path = AuthenticationTests.xctest; sourceTree = BUILT_PRODUCTS_DIR; };
		426F9AF123C6437C00A8437A /* AuthenticationTests.swift */ = {isa = PBXFileReference; lastKnownFileType = sourcecode.swift; path = AuthenticationTests.swift; sourceTree = "<group>"; };
		426F9AF323C6437C00A8437A /* Info.plist */ = {isa = PBXFileReference; lastKnownFileType = text.plist.xml; path = Info.plist; sourceTree = "<group>"; };
		426F9B0623C6471300A8437A /* SharedCode.framework */ = {isa = PBXFileReference; lastKnownFileType = wrapper.framework; name = SharedCode.framework; path = "../../SharedCore/build/xcode-frameworks/SharedCode.framework"; sourceTree = "<group>"; };
		4286E8B1240AACFB0067D2FD /* ForgotPasswordView.swift */ = {isa = PBXFileReference; lastKnownFileType = sourcecode.swift; path = ForgotPasswordView.swift; sourceTree = "<group>"; };
		429D17ED23AE07BB004B73F3 /* Data.framework */ = {isa = PBXFileReference; lastKnownFileType = wrapper.framework; name = Data.framework; path = "../../data/build/fat-framework/Data.framework"; sourceTree = "<group>"; };
		42A923B924367DAD002DC201 /* Pods_Authentication.framework */ = {isa = PBXFileReference; explicitFileType = wrapper.framework; path = Pods_Authentication.framework; sourceTree = BUILT_PRODUCTS_DIR; };
		42A923BD24367DBA002DC201 /* Pods_Authentication.framework */ = {isa = PBXFileReference; explicitFileType = wrapper.framework; path = Pods_Authentication.framework; sourceTree = BUILT_PRODUCTS_DIR; };
		42C8A8162416E109004D0777 /* KotlinIOS.xctestplan */ = {isa = PBXFileReference; lastKnownFileType = text; path = KotlinIOS.xctestplan; sourceTree = "<group>"; };
		47729E0222F447C800B9B36B /* KotlinIOS.app */ = {isa = PBXFileReference; explicitFileType = wrapper.application; includeInIndex = 0; path = KotlinIOS.app; sourceTree = BUILT_PRODUCTS_DIR; };
		47729E0522F447C800B9B36B /* AppDelegate.swift */ = {isa = PBXFileReference; lastKnownFileType = sourcecode.swift; path = AppDelegate.swift; sourceTree = "<group>"; };
		47729E0C22F447CA00B9B36B /* Assets.xcassets */ = {isa = PBXFileReference; lastKnownFileType = folder.assetcatalog; path = Assets.xcassets; sourceTree = "<group>"; };
		47729E1122F447CA00B9B36B /* Info.plist */ = {isa = PBXFileReference; lastKnownFileType = text.plist.xml; path = Info.plist; sourceTree = "<group>"; };
		47729E1622F447CA00B9B36B /* KotlinIOSTests.xctest */ = {isa = PBXFileReference; explicitFileType = wrapper.cfbundle; includeInIndex = 0; path = KotlinIOSTests.xctest; sourceTree = BUILT_PRODUCTS_DIR; };
		47729E1A22F447CA00B9B36B /* KotlinIOSTests.swift */ = {isa = PBXFileReference; lastKnownFileType = sourcecode.swift; path = KotlinIOSTests.swift; sourceTree = "<group>"; };
		47729E1C22F447CA00B9B36B /* Info.plist */ = {isa = PBXFileReference; lastKnownFileType = text.plist.xml; path = Info.plist; sourceTree = "<group>"; };
		47729E2122F447CA00B9B36B /* KotlinIOSUITests.xctest */ = {isa = PBXFileReference; explicitFileType = wrapper.cfbundle; includeInIndex = 0; path = KotlinIOSUITests.xctest; sourceTree = BUILT_PRODUCTS_DIR; };
		47729E2522F447CA00B9B36B /* KotlinIOSUITests.swift */ = {isa = PBXFileReference; lastKnownFileType = sourcecode.swift; path = KotlinIOSUITests.swift; sourceTree = "<group>"; };
		47729E2722F447CA00B9B36B /* Info.plist */ = {isa = PBXFileReference; lastKnownFileType = text.plist.xml; path = Info.plist; sourceTree = "<group>"; };
		55DECCFEE8F92F2FDFCFEBE4 /* Pods_KotlinIOSTests.framework */ = {isa = PBXFileReference; explicitFileType = wrapper.framework; includeInIndex = 0; path = Pods_KotlinIOSTests.framework; sourceTree = BUILT_PRODUCTS_DIR; };
		74BF04D0E4921AFA59779359 /* Pods-KotlinIOS-KotlinIOSUITests.debug.xcconfig */ = {isa = PBXFileReference; includeInIndex = 1; lastKnownFileType = text.xcconfig; name = "Pods-KotlinIOS-KotlinIOSUITests.debug.xcconfig"; path = "Target Support Files/Pods-KotlinIOS-KotlinIOSUITests/Pods-KotlinIOS-KotlinIOSUITests.debug.xcconfig"; sourceTree = "<group>"; };
		8A0CD7BCEDC33CD83C937A34 /* Pods_KotlinIOS_KotlinIOSUITests.framework */ = {isa = PBXFileReference; explicitFileType = wrapper.framework; includeInIndex = 0; path = Pods_KotlinIOS_KotlinIOSUITests.framework; sourceTree = BUILT_PRODUCTS_DIR; };
		8FB14B7CD4BB642FC2BBD484 /* Pods-KotlinIOS.release.xcconfig */ = {isa = PBXFileReference; includeInIndex = 1; lastKnownFileType = text.xcconfig; name = "Pods-KotlinIOS.release.xcconfig"; path = "Target Support Files/Pods-KotlinIOS/Pods-KotlinIOS.release.xcconfig"; sourceTree = "<group>"; };
		9E74247E2F9D66E5E2EE001A /* Pods-Authentication-AuthenticationTests.debug.xcconfig */ = {isa = PBXFileReference; includeInIndex = 1; lastKnownFileType = text.xcconfig; name = "Pods-Authentication-AuthenticationTests.debug.xcconfig"; path = "Target Support Files/Pods-Authentication-AuthenticationTests/Pods-Authentication-AuthenticationTests.debug.xcconfig"; sourceTree = "<group>"; };
		A2504D3564C879D611B4672B /* Pods-KotlinIOS-KotlinIOSUITests.release.xcconfig */ = {isa = PBXFileReference; includeInIndex = 1; lastKnownFileType = text.xcconfig; name = "Pods-KotlinIOS-KotlinIOSUITests.release.xcconfig"; path = "Target Support Files/Pods-KotlinIOS-KotlinIOSUITests/Pods-KotlinIOS-KotlinIOSUITests.release.xcconfig"; sourceTree = "<group>"; };
		B38B7B359DAAA6C88BB4F6E6 /* Pods_Authentication.framework */ = {isa = PBXFileReference; explicitFileType = wrapper.framework; includeInIndex = 0; path = Pods_Authentication.framework; sourceTree = BUILT_PRODUCTS_DIR; };
		BBF2A8233D2D974723B20B23 /* Pods-Authentication-AuthenticationTests.release.xcconfig */ = {isa = PBXFileReference; includeInIndex = 1; lastKnownFileType = text.xcconfig; name = "Pods-Authentication-AuthenticationTests.release.xcconfig"; path = "Target Support Files/Pods-Authentication-AuthenticationTests/Pods-Authentication-AuthenticationTests.release.xcconfig"; sourceTree = "<group>"; };
		C959B37508129BB3ADC43E5B /* Pods-KotlinIOSTests.debug.xcconfig */ = {isa = PBXFileReference; includeInIndex = 1; lastKnownFileType = text.xcconfig; name = "Pods-KotlinIOSTests.debug.xcconfig"; path = "Target Support Files/Pods-KotlinIOSTests/Pods-KotlinIOSTests.debug.xcconfig"; sourceTree = "<group>"; };
		D521F9374E39DDA8DA0D0113 /* Pods_Authentication_AuthenticationTests.framework */ = {isa = PBXFileReference; explicitFileType = wrapper.framework; includeInIndex = 0; path = Pods_Authentication_AuthenticationTests.framework; sourceTree = BUILT_PRODUCTS_DIR; };
		D9EC5FEC0C1F002B1244EB91 /* Pods-Authentication.debug.xcconfig */ = {isa = PBXFileReference; includeInIndex = 1; lastKnownFileType = text.xcconfig; name = "Pods-Authentication.debug.xcconfig"; path = "Target Support Files/Pods-Authentication/Pods-Authentication.debug.xcconfig"; sourceTree = "<group>"; };
		E25E1C91E9D0DA3A02213C68 /* Pods-KotlinIOS.debug.xcconfig */ = {isa = PBXFileReference; includeInIndex = 1; lastKnownFileType = text.xcconfig; name = "Pods-KotlinIOS.debug.xcconfig"; path = "Target Support Files/Pods-KotlinIOS/Pods-KotlinIOS.debug.xcconfig"; sourceTree = "<group>"; };
		E28AA8248071AF246C6AA00B /* Pods_KotlinIOS.framework */ = {isa = PBXFileReference; explicitFileType = wrapper.framework; includeInIndex = 0; path = Pods_KotlinIOS.framework; sourceTree = BUILT_PRODUCTS_DIR; };
/* End PBXFileReference section */

/* Begin PBXFrameworksBuildPhase section */
		426F9ADF23C6437C00A8437A /* Frameworks */ = {
			isa = PBXFrameworksBuildPhase;
			buildActionMask = 2147483647;
			files = (
				42FD127824389BAB0078CF1B /* Pods_Authentication.framework in Frameworks */,
			);
			runOnlyForDeploymentPostprocessing = 0;
		};
		426F9AE723C6437C00A8437A /* Frameworks */ = {
			isa = PBXFrameworksBuildPhase;
			buildActionMask = 2147483647;
			files = (
				426F9AEB23C6437C00A8437A /* Authentication.framework in Frameworks */,
				5F93BF94B290178CF647DCC4 /* Pods_Authentication_AuthenticationTests.framework in Frameworks */,
			);
			runOnlyForDeploymentPostprocessing = 0;
		};
		47729DFF22F447C800B9B36B /* Frameworks */ = {
			isa = PBXFrameworksBuildPhase;
			buildActionMask = 2147483647;
			files = (
				424854502439BAFB0019655C /* Authentication.framework in Frameworks */,
				7BE8F42B52AACC021E910E2C /* Pods_KotlinIOS.framework in Frameworks */,
			);
			runOnlyForDeploymentPostprocessing = 0;
		};
		47729E1322F447CA00B9B36B /* Frameworks */ = {
			isa = PBXFrameworksBuildPhase;
			buildActionMask = 2147483647;
			files = (
				FAA0C5AEA82665D5A660937E /* Pods_KotlinIOSTests.framework in Frameworks */,
			);
			runOnlyForDeploymentPostprocessing = 0;
		};
		47729E1E22F447CA00B9B36B /* Frameworks */ = {
			isa = PBXFrameworksBuildPhase;
			buildActionMask = 2147483647;
			files = (
				F011540F3B1906614EA7AB55 /* Pods_KotlinIOS_KotlinIOSUITests.framework in Frameworks */,
			);
			runOnlyForDeploymentPostprocessing = 0;
		};
/* End PBXFrameworksBuildPhase section */

/* Begin PBXGroup section */
		426F9AE323C6437C00A8437A /* Authentication */ = {
			isa = PBXGroup;
			children = (
				4286E8B0240AACE20067D2FD /* forgot_password */,
				4219360423AE799000738FB7 /* AuthenticationViewModel.swift */,
				4219360623AE7B3400738FB7 /* AuthenticationView.swift */,
				426F9AE523C6437C00A8437A /* Info.plist */,
			);
			path = Authentication;
			sourceTree = "<group>";
		};
		426F9AF023C6437C00A8437A /* AuthenticationTests */ = {
			isa = PBXGroup;
			children = (
				426F9AF123C6437C00A8437A /* AuthenticationTests.swift */,
				426F9AF323C6437C00A8437A /* Info.plist */,
			);
			path = AuthenticationTests;
			sourceTree = "<group>";
		};
		4286E8B0240AACE20067D2FD /* forgot_password */ = {
			isa = PBXGroup;
			children = (
				4286E8B1240AACFB0067D2FD /* ForgotPasswordView.swift */,
			);
			path = forgot_password;
			sourceTree = "<group>";
		};
		429D17EC23AE07BB004B73F3 /* Frameworks */ = {
			isa = PBXGroup;
			children = (
				42A923BD24367DBA002DC201 /* Pods_Authentication.framework */,
				42A923B924367DAD002DC201 /* Pods_Authentication.framework */,
				420F7CF62430FD0F0001F664 /* SharedAuthentication.release.xcconfig */,
				420F7CF12430930F0001F664 /* SharedAuthentication.framework */,
				426F9B0623C6471300A8437A /* SharedCode.framework */,
				4213268423B3E33100A8B295 /* SharedCommon.framework */,
				4213267F23B3E09500A8B295 /* SharedCode.framework */,
				4219360023AE67DA00738FB7 /* data.framework */,
				421935FF23AE67C800738FB7 /* xcode-frameworks */,
				429D17ED23AE07BB004B73F3 /* Data.framework */,
				E28AA8248071AF246C6AA00B /* Pods_KotlinIOS.framework */,
				B38B7B359DAAA6C88BB4F6E6 /* Pods_Authentication.framework */,
				D521F9374E39DDA8DA0D0113 /* Pods_Authentication_AuthenticationTests.framework */,
				8A0CD7BCEDC33CD83C937A34 /* Pods_KotlinIOS_KotlinIOSUITests.framework */,
				55DECCFEE8F92F2FDFCFEBE4 /* Pods_KotlinIOSTests.framework */,
			);
			name = Frameworks;
			sourceTree = "<group>";
		};
		47729DF922F447C800B9B36B = {
			isa = PBXGroup;
			children = (
				42C8A8162416E109004D0777 /* KotlinIOS.xctestplan */,
				47729E0422F447C800B9B36B /* KotlinIOS */,
				47729E1922F447CA00B9B36B /* KotlinIOSTests */,
				47729E2422F447CA00B9B36B /* KotlinIOSUITests */,
				426F9AE323C6437C00A8437A /* Authentication */,
				426F9AF023C6437C00A8437A /* AuthenticationTests */,
				47729E0322F447C800B9B36B /* Products */,
				429D17EC23AE07BB004B73F3 /* Frameworks */,
				9842A9D15EF1267446AC22E1 /* Pods */,
			);
			sourceTree = "<group>";
		};
		47729E0322F447C800B9B36B /* Products */ = {
			isa = PBXGroup;
			children = (
				47729E0222F447C800B9B36B /* KotlinIOS.app */,
				47729E1622F447CA00B9B36B /* KotlinIOSTests.xctest */,
				47729E2122F447CA00B9B36B /* KotlinIOSUITests.xctest */,
				426F9AE223C6437C00A8437A /* Authentication.framework */,
				426F9AEA23C6437C00A8437A /* AuthenticationTests.xctest */,
			);
			name = Products;
			sourceTree = "<group>";
		};
		47729E0422F447C800B9B36B /* KotlinIOS */ = {
			isa = PBXGroup;
			children = (
				47729E0522F447C800B9B36B /* AppDelegate.swift */,
				47729E0C22F447CA00B9B36B /* Assets.xcassets */,
				47729E1122F447CA00B9B36B /* Info.plist */,
				4219360823AE861000738FB7 /* SceneDelegate.swift */,
			);
			path = KotlinIOS;
			sourceTree = "<group>";
		};
		47729E1922F447CA00B9B36B /* KotlinIOSTests */ = {
			isa = PBXGroup;
			children = (
				47729E1A22F447CA00B9B36B /* KotlinIOSTests.swift */,
				47729E1C22F447CA00B9B36B /* Info.plist */,
			);
			path = KotlinIOSTests;
			sourceTree = "<group>";
		};
		47729E2422F447CA00B9B36B /* KotlinIOSUITests */ = {
			isa = PBXGroup;
			children = (
				47729E2522F447CA00B9B36B /* KotlinIOSUITests.swift */,
				47729E2722F447CA00B9B36B /* Info.plist */,
			);
			path = KotlinIOSUITests;
			sourceTree = "<group>";
		};
		9842A9D15EF1267446AC22E1 /* Pods */ = {
			isa = PBXGroup;
			children = (
				D9EC5FEC0C1F002B1244EB91 /* Pods-Authentication.debug.xcconfig */,
				12BAD9DD5C72D414C0C44FE7 /* Pods-Authentication.release.xcconfig */,
				9E74247E2F9D66E5E2EE001A /* Pods-Authentication-AuthenticationTests.debug.xcconfig */,
				BBF2A8233D2D974723B20B23 /* Pods-Authentication-AuthenticationTests.release.xcconfig */,
				E25E1C91E9D0DA3A02213C68 /* Pods-KotlinIOS.debug.xcconfig */,
				8FB14B7CD4BB642FC2BBD484 /* Pods-KotlinIOS.release.xcconfig */,
				74BF04D0E4921AFA59779359 /* Pods-KotlinIOS-KotlinIOSUITests.debug.xcconfig */,
				A2504D3564C879D611B4672B /* Pods-KotlinIOS-KotlinIOSUITests.release.xcconfig */,
				C959B37508129BB3ADC43E5B /* Pods-KotlinIOSTests.debug.xcconfig */,
				386D9CEBF5599C42265F499F /* Pods-KotlinIOSTests.release.xcconfig */,
			);
			path = Pods;
			sourceTree = "<group>";
		};
/* End PBXGroup section */

/* Begin PBXHeadersBuildPhase section */
		426F9ADD23C6437C00A8437A /* Headers */ = {
			isa = PBXHeadersBuildPhase;
			buildActionMask = 2147483647;
			files = (
			);
			runOnlyForDeploymentPostprocessing = 0;
		};
/* End PBXHeadersBuildPhase section */

/* Begin PBXNativeTarget section */
		426F9AE123C6437C00A8437A /* Authentication */ = {
			isa = PBXNativeTarget;
			buildConfigurationList = 426F9AF923C6437C00A8437A /* Build configuration list for PBXNativeTarget "Authentication" */;
			buildPhases = (
				278E67D681A54D8911C2822D /* [CP] Check Pods Manifest.lock */,
				420F7CF5243096820001F664 /* ShellScript */,
				426F9ADD23C6437C00A8437A /* Headers */,
				426F9ADE23C6437C00A8437A /* Sources */,
				426F9ADF23C6437C00A8437A /* Frameworks */,
				426F9AE023C6437C00A8437A /* Resources */,
			);
			buildRules = (
			);
			dependencies = (
			);
			name = Authentication;
			productName = Authentication;
			productReference = 426F9AE223C6437C00A8437A /* Authentication.framework */;
			productType = "com.apple.product-type.framework";
		};
		426F9AE923C6437C00A8437A /* AuthenticationTests */ = {
			isa = PBXNativeTarget;
			buildConfigurationList = 426F9AFC23C6437C00A8437A /* Build configuration list for PBXNativeTarget "AuthenticationTests" */;
			buildPhases = (
				261F020C7FBD913149667038 /* [CP] Check Pods Manifest.lock */,
				426F9AE623C6437C00A8437A /* Sources */,
				426F9AE723C6437C00A8437A /* Frameworks */,
				426F9AE823C6437C00A8437A /* Resources */,
			);
			buildRules = (
			);
			dependencies = (
				426F9AED23C6437C00A8437A /* PBXTargetDependency */,
				426F9AEF23C6437C00A8437A /* PBXTargetDependency */,
			);
			name = AuthenticationTests;
			productName = AuthenticationTests;
			productReference = 426F9AEA23C6437C00A8437A /* AuthenticationTests.xctest */;
			productType = "com.apple.product-type.bundle.unit-test";
		};
		47729E0122F447C800B9B36B /* KotlinIOS */ = {
			isa = PBXNativeTarget;
			buildConfigurationList = 47729E2A22F447CA00B9B36B /* Build configuration list for PBXNativeTarget "KotlinIOS" */;
			buildPhases = (
				3E23F9CCA6ED34471C3CC294 /* [CP] Check Pods Manifest.lock */,
				47729DFE22F447C800B9B36B /* Sources */,
				47729DFF22F447C800B9B36B /* Frameworks */,
				47729E0022F447C800B9B36B /* Resources */,
				424854542439BAFB0019655C /* Embed Frameworks */,
			);
			buildRules = (
			);
			dependencies = (
				424854532439BAFB0019655C /* PBXTargetDependency */,
			);
			name = KotlinIOS;
			productName = KotlinIOS;
			productReference = 47729E0222F447C800B9B36B /* KotlinIOS.app */;
			productType = "com.apple.product-type.application";
		};
		47729E1522F447CA00B9B36B /* KotlinIOSTests */ = {
			isa = PBXNativeTarget;
			buildConfigurationList = 47729E2D22F447CA00B9B36B /* Build configuration list for PBXNativeTarget "KotlinIOSTests" */;
			buildPhases = (
				6F4FE085DD68D412AA0D828F /* [CP] Check Pods Manifest.lock */,
				47729E1222F447CA00B9B36B /* Sources */,
				47729E1322F447CA00B9B36B /* Frameworks */,
				47729E1422F447CA00B9B36B /* Resources */,
			);
			buildRules = (
			);
			dependencies = (
				47729E1822F447CA00B9B36B /* PBXTargetDependency */,
			);
			name = KotlinIOSTests;
			productName = KotlinIOSTests;
			productReference = 47729E1622F447CA00B9B36B /* KotlinIOSTests.xctest */;
			productType = "com.apple.product-type.bundle.unit-test";
		};
		47729E2022F447CA00B9B36B /* KotlinIOSUITests */ = {
			isa = PBXNativeTarget;
			buildConfigurationList = 47729E3022F447CA00B9B36B /* Build configuration list for PBXNativeTarget "KotlinIOSUITests" */;
			buildPhases = (
				D12F9DA8E0D99F049D799C55 /* [CP] Check Pods Manifest.lock */,
				47729E1D22F447CA00B9B36B /* Sources */,
				47729E1E22F447CA00B9B36B /* Frameworks */,
				47729E1F22F447CA00B9B36B /* Resources */,
			);
			buildRules = (
			);
			dependencies = (
				47729E2322F447CA00B9B36B /* PBXTargetDependency */,
			);
			name = KotlinIOSUITests;
			productName = KotlinIOSUITests;
			productReference = 47729E2122F447CA00B9B36B /* KotlinIOSUITests.xctest */;
			productType = "com.apple.product-type.bundle.ui-testing";
		};
/* End PBXNativeTarget section */

/* Begin PBXProject section */
		47729DFA22F447C800B9B36B /* Project object */ = {
			isa = PBXProject;
			attributes = {
				BuildIndependentTargetsInParallel = YES;
				LastSwiftUpdateCheck = 1130;
				LastUpgradeCheck = 1140;
				ORGANIZATIONNAME = "Joe Birch";
				TargetAttributes = {
					426F9AE123C6437C00A8437A = {
						CreatedOnToolsVersion = 11.3;
					};
					426F9AE923C6437C00A8437A = {
						CreatedOnToolsVersion = 11.3;
						TestTargetID = 47729E0122F447C800B9B36B;
					};
					47729E0122F447C800B9B36B = {
						CreatedOnToolsVersion = 10.3;
					};
					47729E1522F447CA00B9B36B = {
						CreatedOnToolsVersion = 10.3;
						TestTargetID = 47729E0122F447C800B9B36B;
					};
					47729E2022F447CA00B9B36B = {
						CreatedOnToolsVersion = 10.3;
						TestTargetID = 47729E0122F447C800B9B36B;
					};
				};
			};
			buildConfigurationList = 47729DFD22F447C800B9B36B /* Build configuration list for PBXProject "KotlinIOS" */;
			compatibilityVersion = "Xcode 8.0";
			developmentRegion = en;
			hasScannedForEncodings = 0;
			knownRegions = (
				en,
				Base,
			);
			mainGroup = 47729DF922F447C800B9B36B;
			productRefGroup = 47729E0322F447C800B9B36B /* Products */;
			projectDirPath = "";
			projectRoot = "";
			targets = (
				47729E0122F447C800B9B36B /* KotlinIOS */,
				47729E1522F447CA00B9B36B /* KotlinIOSTests */,
				47729E2022F447CA00B9B36B /* KotlinIOSUITests */,
				426F9AE123C6437C00A8437A /* Authentication */,
				426F9AE923C6437C00A8437A /* AuthenticationTests */,
			);
		};
/* End PBXProject section */

/* Begin PBXResourcesBuildPhase section */
		426F9AE023C6437C00A8437A /* Resources */ = {
			isa = PBXResourcesBuildPhase;
			buildActionMask = 2147483647;
			files = (
			);
			runOnlyForDeploymentPostprocessing = 0;
		};
		426F9AE823C6437C00A8437A /* Resources */ = {
			isa = PBXResourcesBuildPhase;
			buildActionMask = 2147483647;
			files = (
			);
			runOnlyForDeploymentPostprocessing = 0;
		};
		47729E0022F447C800B9B36B /* Resources */ = {
			isa = PBXResourcesBuildPhase;
			buildActionMask = 2147483647;
			files = (
				47729E0D22F447CA00B9B36B /* Assets.xcassets in Resources */,
			);
			runOnlyForDeploymentPostprocessing = 0;
		};
		47729E1422F447CA00B9B36B /* Resources */ = {
			isa = PBXResourcesBuildPhase;
			buildActionMask = 2147483647;
			files = (
			);
			runOnlyForDeploymentPostprocessing = 0;
		};
		47729E1F22F447CA00B9B36B /* Resources */ = {
			isa = PBXResourcesBuildPhase;
			buildActionMask = 2147483647;
			files = (
			);
			runOnlyForDeploymentPostprocessing = 0;
		};
/* End PBXResourcesBuildPhase section */

/* Begin PBXShellScriptBuildPhase section */
		261F020C7FBD913149667038 /* [CP] Check Pods Manifest.lock */ = {
			isa = PBXShellScriptBuildPhase;
			buildActionMask = 2147483647;
			files = (
			);
			inputFileListPaths = (
			);
			inputPaths = (
				"${PODS_PODFILE_DIR_PATH}/Podfile.lock",
				"${PODS_ROOT}/Manifest.lock",
			);
			name = "[CP] Check Pods Manifest.lock";
			outputFileListPaths = (
			);
			outputPaths = (
				"$(DERIVED_FILE_DIR)/Pods-Authentication-AuthenticationTests-checkManifestLockResult.txt",
			);
			runOnlyForDeploymentPostprocessing = 0;
			shellPath = /bin/sh;
			shellScript = "diff \"${PODS_PODFILE_DIR_PATH}/Podfile.lock\" \"${PODS_ROOT}/Manifest.lock\" > /dev/null\nif [ $? != 0 ] ; then\n    # print error to STDERR\n    echo \"error: The sandbox is not in sync with the Podfile.lock. Run 'pod install' or update your CocoaPods installation.\" >&2\n    exit 1\nfi\n# This output is used by Xcode 'outputs' to avoid re-running this script phase.\necho \"SUCCESS\" > \"${SCRIPT_OUTPUT_FILE_0}\"\n";
			showEnvVarsInLog = 0;
		};
		278E67D681A54D8911C2822D /* [CP] Check Pods Manifest.lock */ = {
			isa = PBXShellScriptBuildPhase;
			buildActionMask = 2147483647;
			files = (
			);
			inputFileListPaths = (
			);
			inputPaths = (
				"${PODS_PODFILE_DIR_PATH}/Podfile.lock",
				"${PODS_ROOT}/Manifest.lock",
			);
			name = "[CP] Check Pods Manifest.lock";
			outputFileListPaths = (
			);
			outputPaths = (
				"$(DERIVED_FILE_DIR)/Pods-Authentication-checkManifestLockResult.txt",
			);
			runOnlyForDeploymentPostprocessing = 0;
			shellPath = /bin/sh;
			shellScript = "diff \"${PODS_PODFILE_DIR_PATH}/Podfile.lock\" \"${PODS_ROOT}/Manifest.lock\" > /dev/null\nif [ $? != 0 ] ; then\n    # print error to STDERR\n    echo \"error: The sandbox is not in sync with the Podfile.lock. Run 'pod install' or update your CocoaPods installation.\" >&2\n    exit 1\nfi\n# This output is used by Xcode 'outputs' to avoid re-running this script phase.\necho \"SUCCESS\" > \"${SCRIPT_OUTPUT_FILE_0}\"\n";
			showEnvVarsInLog = 0;
		};
		3E23F9CCA6ED34471C3CC294 /* [CP] Check Pods Manifest.lock */ = {
			isa = PBXShellScriptBuildPhase;
			buildActionMask = 2147483647;
			files = (
			);
			inputFileListPaths = (
			);
			inputPaths = (
				"${PODS_PODFILE_DIR_PATH}/Podfile.lock",
				"${PODS_ROOT}/Manifest.lock",
			);
			name = "[CP] Check Pods Manifest.lock";
			outputFileListPaths = (
			);
			outputPaths = (
				"$(DERIVED_FILE_DIR)/Pods-KotlinIOS-checkManifestLockResult.txt",
			);
			runOnlyForDeploymentPostprocessing = 0;
			shellPath = /bin/sh;
			shellScript = "diff \"${PODS_PODFILE_DIR_PATH}/Podfile.lock\" \"${PODS_ROOT}/Manifest.lock\" > /dev/null\nif [ $? != 0 ] ; then\n    # print error to STDERR\n    echo \"error: The sandbox is not in sync with the Podfile.lock. Run 'pod install' or update your CocoaPods installation.\" >&2\n    exit 1\nfi\n# This output is used by Xcode 'outputs' to avoid re-running this script phase.\necho \"SUCCESS\" > \"${SCRIPT_OUTPUT_FILE_0}\"\n";
			showEnvVarsInLog = 0;
		};
		420F7CF5243096820001F664 /* ShellScript */ = {
			isa = PBXShellScriptBuildPhase;
			buildActionMask = 2147483647;
			files = (
			);
			inputFileListPaths = (
			);
			inputPaths = (
			);
			outputFileListPaths = (
			);
			outputPaths = (
			);
			runOnlyForDeploymentPostprocessing = 0;
			shellPath = /bin/sh;
			shellScript = "
";
		};
		6F4FE085DD68D412AA0D828F /* [CP] Check Pods Manifest.lock */ = {
			isa = PBXShellScriptBuildPhase;
			buildActionMask = 2147483647;
			files = (
			);
			inputFileListPaths = (
			);
			inputPaths = (
				"${PODS_PODFILE_DIR_PATH}/Podfile.lock",
				"${PODS_ROOT}/Manifest.lock",
			);
			name = "[CP] Check Pods Manifest.lock";
			outputFileListPaths = (
			);
			outputPaths = (
				"$(DERIVED_FILE_DIR)/Pods-KotlinIOSTests-checkManifestLockResult.txt",
			);
			runOnlyForDeploymentPostprocessing = 0;
			shellPath = /bin/sh;
			shellScript = "diff \"${PODS_PODFILE_DIR_PATH}/Podfile.lock\" \"${PODS_ROOT}/Manifest.lock\" > /dev/null\nif [ $? != 0 ] ; then\n    # print error to STDERR\n    echo \"error: The sandbox is not in sync with the Podfile.lock. Run 'pod install' or update your CocoaPods installation.\" >&2\n    exit 1\nfi\n# This output is used by Xcode 'outputs' to avoid re-running this script phase.\necho \"SUCCESS\" > \"${SCRIPT_OUTPUT_FILE_0}\"\n";
			showEnvVarsInLog = 0;
		};
		D12F9DA8E0D99F049D799C55 /* [CP] Check Pods Manifest.lock */ = {
			isa = PBXShellScriptBuildPhase;
			buildActionMask = 2147483647;
			files = (
			);
			inputFileListPaths = (
			);
			inputPaths = (
				"${PODS_PODFILE_DIR_PATH}/Podfile.lock",
				"${PODS_ROOT}/Manifest.lock",
			);
			name = "[CP] Check Pods Manifest.lock";
			outputFileListPaths = (
			);
			outputPaths = (
				"$(DERIVED_FILE_DIR)/Pods-KotlinIOS-KotlinIOSUITests-checkManifestLockResult.txt",
			);
			runOnlyForDeploymentPostprocessing = 0;
			shellPath = /bin/sh;
			shellScript = "diff \"${PODS_PODFILE_DIR_PATH}/Podfile.lock\" \"${PODS_ROOT}/Manifest.lock\" > /dev/null\nif [ $? != 0 ] ; then\n    # print error to STDERR\n    echo \"error: The sandbox is not in sync with the Podfile.lock. Run 'pod install' or update your CocoaPods installation.\" >&2\n    exit 1\nfi\n# This output is used by Xcode 'outputs' to avoid re-running this script phase.\necho \"SUCCESS\" > \"${SCRIPT_OUTPUT_FILE_0}\"\n";
			showEnvVarsInLog = 0;
		};
/* End PBXShellScriptBuildPhase section */

/* Begin PBXSourcesBuildPhase section */
		426F9ADE23C6437C00A8437A /* Sources */ = {
			isa = PBXSourcesBuildPhase;
			buildActionMask = 2147483647;
			files = (
				426F9B0023C6438D00A8437A /* AuthenticationView.swift in Sources */,
				4286E8B2240AACFB0067D2FD /* ForgotPasswordView.swift in Sources */,
				426F9AFF23C6438D00A8437A /* AuthenticationViewModel.swift in Sources */,
			);
			runOnlyForDeploymentPostprocessing = 0;
		};
		426F9AE623C6437C00A8437A /* Sources */ = {
			isa = PBXSourcesBuildPhase;
			buildActionMask = 2147483647;
			files = (
				426F9AF223C6437C00A8437A /* AuthenticationTests.swift in Sources */,
			);
			runOnlyForDeploymentPostprocessing = 0;
		};
		47729DFE22F447C800B9B36B /* Sources */ = {
			isa = PBXSourcesBuildPhase;
			buildActionMask = 2147483647;
			files = (
				4219360923AE861000738FB7 /* SceneDelegate.swift in Sources */,
				47729E0622F447C800B9B36B /* AppDelegate.swift in Sources */,
			);
			runOnlyForDeploymentPostprocessing = 0;
		};
		47729E1222F447CA00B9B36B /* Sources */ = {
			isa = PBXSourcesBuildPhase;
			buildActionMask = 2147483647;
			files = (
				47729E1B22F447CA00B9B36B /* KotlinIOSTests.swift in Sources */,
			);
			runOnlyForDeploymentPostprocessing = 0;
		};
		47729E1D22F447CA00B9B36B /* Sources */ = {
			isa = PBXSourcesBuildPhase;
			buildActionMask = 2147483647;
			files = (
				47729E2622F447CA00B9B36B /* KotlinIOSUITests.swift in Sources */,
			);
			runOnlyForDeploymentPostprocessing = 0;
		};
/* End PBXSourcesBuildPhase section */

/* Begin PBXTargetDependency section */
		424854532439BAFB0019655C /* PBXTargetDependency */ = {
			isa = PBXTargetDependency;
			target = 426F9AE123C6437C00A8437A /* Authentication */;
			targetProxy = 424854522439BAFB0019655C /* PBXContainerItemProxy */;
		};
		426F9AED23C6437C00A8437A /* PBXTargetDependency */ = {
			isa = PBXTargetDependency;
			target = 426F9AE123C6437C00A8437A /* Authentication */;
			targetProxy = 426F9AEC23C6437C00A8437A /* PBXContainerItemProxy */;
		};
		426F9AEF23C6437C00A8437A /* PBXTargetDependency */ = {
			isa = PBXTargetDependency;
			target = 47729E0122F447C800B9B36B /* KotlinIOS */;
			targetProxy = 426F9AEE23C6437C00A8437A /* PBXContainerItemProxy */;
		};
		47729E1822F447CA00B9B36B /* PBXTargetDependency */ = {
			isa = PBXTargetDependency;
			target = 47729E0122F447C800B9B36B /* KotlinIOS */;
			targetProxy = 47729E1722F447CA00B9B36B /* PBXContainerItemProxy */;
		};
		47729E2322F447CA00B9B36B /* PBXTargetDependency */ = {
			isa = PBXTargetDependency;
			target = 47729E0122F447C800B9B36B /* KotlinIOS */;
			targetProxy = 47729E2222F447CA00B9B36B /* PBXContainerItemProxy */;
		};
/* End PBXTargetDependency section */

/* Begin XCBuildConfiguration section */
		426F9AFA23C6437C00A8437A /* Debug */ = {
			isa = XCBuildConfiguration;
			baseConfigurationReference = D9EC5FEC0C1F002B1244EB91 /* Pods-Authentication.debug.xcconfig */;
			buildSettings = {
				CODE_SIGN_IDENTITY = "iPhone Distribution: Joe Birch (8UY6XGA3FX)";
				CODE_SIGN_STYLE = Manual;
				CURRENT_PROJECT_VERSION = 1;
				DEAD_CODE_STRIPPING = NO;
				DEFINES_MODULE = YES;
				DEVELOPMENT_TEAM = 8UY6XGA3FX;
				DYLIB_COMPATIBILITY_VERSION = 1;
				DYLIB_CURRENT_VERSION = 21;
				DYLIB_INSTALL_NAME_BASE = "@rpath";
				ENABLE_BITCODE = YES;
				ENABLE_ON_DEMAND_RESOURCES = NO;
				FRAMEWORK_SEARCH_PATHS = "$(inherited)";
				GCC_SYMBOLS_PRIVATE_EXTERN = YES;
				GENERATE_PKGINFO_FILE = YES;
				HEADER_SEARCH_PATHS = "$(inherited)";
				INFOPLIST_FILE = Authentication/Info.plist;
				INSTALL_PATH = "$(LOCAL_LIBRARY_DIR)/Frameworks";
				IPHONEOS_DEPLOYMENT_TARGET = 13.0;
				LD_RUNPATH_SEARCH_PATHS = (
					"$(inherited)",
					"@executable_path/Frameworks",
					"@loader_path/Frameworks",
				);
				ONLY_ACTIVE_ARCH = YES;
				PRESERVE_DEAD_CODE_INITS_AND_TERMS = NO;
				PRODUCT_BUNDLE_IDENTIFIER = co.joebirch.minimise.Authentication;
				PRODUCT_NAME = "$(TARGET_NAME:c99extidentifier)";
				SKIP_INSTALL = YES;
				STRIP_INSTALLED_PRODUCT = NO;
				STRIP_STYLE = debugging;
				STRIP_SWIFT_SYMBOLS = NO;
				SUPPORTS_MACCATALYST = NO;
				SWIFT_VERSION = 5.0;
				TARGETED_DEVICE_FAMILY = 1;
				VALID_ARCHS = "arm64 armv7";
				VERSIONING_SYSTEM = "";
				VERSION_INFO_PREFIX = "";
			};
			name = Debug;
		};
		426F9AFB23C6437C00A8437A /* Release */ = {
			isa = XCBuildConfiguration;
			baseConfigurationReference = 12BAD9DD5C72D414C0C44FE7 /* Pods-Authentication.release.xcconfig */;
			buildSettings = {
				CODE_SIGN_IDENTITY = "iPhone Distribution: Joe Birch (8UY6XGA3FX)";
				CODE_SIGN_STYLE = Manual;
				CURRENT_PROJECT_VERSION = 1;
				DEAD_CODE_STRIPPING = NO;
				DEFINES_MODULE = YES;
				DEVELOPMENT_TEAM = 8UY6XGA3FX;
				DYLIB_COMPATIBILITY_VERSION = 1;
				DYLIB_CURRENT_VERSION = 21;
				DYLIB_INSTALL_NAME_BASE = "@rpath";
				ENABLE_BITCODE = YES;
				ENABLE_ON_DEMAND_RESOURCES = NO;
				ENABLE_TESTABILITY = NO;
				FRAMEWORK_SEARCH_PATHS = "$(inherited)";
				GCC_SYMBOLS_PRIVATE_EXTERN = YES;
				GENERATE_PKGINFO_FILE = YES;
				HEADER_SEARCH_PATHS = "$(inherited)";
				INFOPLIST_FILE = Authentication/Info.plist;
				INSTALL_PATH = "$(LOCAL_LIBRARY_DIR)/Frameworks";
				IPHONEOS_DEPLOYMENT_TARGET = 13.0;
				LD_RUNPATH_SEARCH_PATHS = (
					"$(inherited)",
					"@executable_path/Frameworks",
					"@loader_path/Frameworks",
				);
				ONLY_ACTIVE_ARCH = NO;
				PRESERVE_DEAD_CODE_INITS_AND_TERMS = NO;
				PRODUCT_BUNDLE_IDENTIFIER = co.joebirch.minimise.Authentication;
				PRODUCT_NAME = "$(TARGET_NAME:c99extidentifier)";
				SKIP_INSTALL = YES;
				STRIP_INSTALLED_PRODUCT = NO;
				STRIP_STYLE = debugging;
				STRIP_SWIFT_SYMBOLS = NO;
				SUPPORTS_MACCATALYST = NO;
				SWIFT_VERSION = 5.0;
				TARGETED_DEVICE_FAMILY = 1;
				VALID_ARCHS = "arm64 armv7";
				VERSIONING_SYSTEM = "";
				VERSION_INFO_PREFIX = "";
			};
			name = Release;
		};
		426F9AFD23C6437C00A8437A /* Debug */ = {
			isa = XCBuildConfiguration;
			baseConfigurationReference = 9E74247E2F9D66E5E2EE001A /* Pods-Authentication-AuthenticationTests.debug.xcconfig */;
			buildSettings = {
				ALWAYS_EMBED_SWIFT_STANDARD_LIBRARIES = YES;
				BUNDLE_LOADER = "$(TEST_HOST)";
				CODE_SIGN_STYLE = Automatic;
				INFOPLIST_FILE = AuthenticationTests/Info.plist;
				IPHONEOS_DEPLOYMENT_TARGET = 13.2;
				LD_RUNPATH_SEARCH_PATHS = (
					"$(inherited)",
					"@executable_path/Frameworks",
					"@loader_path/Frameworks",
				);
				PRODUCT_BUNDLE_IDENTIFIER = co.joebirch.minimise.AuthenticationTests;
				PRODUCT_NAME = "$(TARGET_NAME)";
				SWIFT_VERSION = 5.0;
				TARGETED_DEVICE_FAMILY = "1,2";
				TEST_HOST = "$(BUILT_PRODUCTS_DIR)/KotlinIOS.app/KotlinIOS";
			};
			name = Debug;
		};
		426F9AFE23C6437C00A8437A /* Release */ = {
			isa = XCBuildConfiguration;
			baseConfigurationReference = BBF2A8233D2D974723B20B23 /* Pods-Authentication-AuthenticationTests.release.xcconfig */;
			buildSettings = {
				ALWAYS_EMBED_SWIFT_STANDARD_LIBRARIES = YES;
				BUNDLE_LOADER = "$(TEST_HOST)";
				CODE_SIGN_STYLE = Automatic;
				INFOPLIST_FILE = AuthenticationTests/Info.plist;
				IPHONEOS_DEPLOYMENT_TARGET = 13.2;
				LD_RUNPATH_SEARCH_PATHS = (
					"$(inherited)",
					"@executable_path/Frameworks",
					"@loader_path/Frameworks",
				);
				PRODUCT_BUNDLE_IDENTIFIER = co.joebirch.minimise.AuthenticationTests;
				PRODUCT_NAME = "$(TARGET_NAME)";
				SWIFT_VERSION = 5.0;
				TARGETED_DEVICE_FAMILY = "1,2";
				TEST_HOST = "$(BUILT_PRODUCTS_DIR)/KotlinIOS.app/KotlinIOS";
			};
			name = Release;
		};
		47729E2822F447CA00B9B36B /* Debug */ = {
			isa = XCBuildConfiguration;
			buildSettings = {
				ALWAYS_SEARCH_USER_PATHS = NO;
				CLANG_ANALYZER_NONNULL = YES;
				CLANG_ANALYZER_NUMBER_OBJECT_CONVERSION = YES_AGGRESSIVE;
				CLANG_CXX_LANGUAGE_STANDARD = "gnu++14";
				CLANG_CXX_LIBRARY = "libc++";
				CLANG_ENABLE_MODULES = YES;
				CLANG_ENABLE_OBJC_ARC = YES;
				CLANG_ENABLE_OBJC_WEAK = YES;
				CLANG_WARN_BLOCK_CAPTURE_AUTORELEASING = YES;
				CLANG_WARN_BOOL_CONVERSION = YES;
				CLANG_WARN_COMMA = YES;
				CLANG_WARN_CONSTANT_CONVERSION = YES;
				CLANG_WARN_DEPRECATED_OBJC_IMPLEMENTATIONS = YES;
				CLANG_WARN_DIRECT_OBJC_ISA_USAGE = YES_ERROR;
				CLANG_WARN_DOCUMENTATION_COMMENTS = YES;
				CLANG_WARN_EMPTY_BODY = YES;
				CLANG_WARN_ENUM_CONVERSION = YES;
				CLANG_WARN_INFINITE_RECURSION = YES;
				CLANG_WARN_INT_CONVERSION = YES;
				CLANG_WARN_NON_LITERAL_NULL_CONVERSION = YES;
				CLANG_WARN_OBJC_IMPLICIT_RETAIN_SELF = YES;
				CLANG_WARN_OBJC_LITERAL_CONVERSION = YES;
				CLANG_WARN_OBJC_ROOT_CLASS = YES_ERROR;
				CLANG_WARN_RANGE_LOOP_ANALYSIS = YES;
				CLANG_WARN_STRICT_PROTOTYPES = YES;
				CLANG_WARN_SUSPICIOUS_MOVE = YES;
				CLANG_WARN_UNGUARDED_AVAILABILITY = YES_AGGRESSIVE;
				CLANG_WARN_UNREACHABLE_CODE = YES;
				CLANG_WARN__DUPLICATE_METHOD_MATCH = YES;
				CODE_SIGN_IDENTITY = "iPhone Distribution: Joe Birch (8UY6XGA3FX)";
				COPY_PHASE_STRIP = NO;
				DEBUG_INFORMATION_FORMAT = dwarf;
				DEVELOPMENT_TEAM = 8UY6XGA3FX;
				ENABLE_ON_DEMAND_RESOURCES = NO;
				ENABLE_STRICT_OBJC_MSGSEND = YES;
				ENABLE_TESTABILITY = YES;
				FRAMEWORK_SEARCH_PATHS = "\"${PODS_ROOT}/../../../SharedAuthentication/build/cocoapods/framework\"";
				GCC_C_LANGUAGE_STANDARD = gnu11;
				GCC_DYNAMIC_NO_PIC = NO;
				GCC_NO_COMMON_BLOCKS = YES;
				GCC_OPTIMIZATION_LEVEL = 0;
				GCC_PREPROCESSOR_DEFINITIONS = (
					"DEBUG=1",
					"$(inherited)",
				);
				GCC_WARN_64_TO_32_BIT_CONVERSION = YES;
				GCC_WARN_ABOUT_RETURN_TYPE = YES_ERROR;
				GCC_WARN_UNDECLARED_SELECTOR = YES;
				GCC_WARN_UNINITIALIZED_AUTOS = YES_AGGRESSIVE;
				GCC_WARN_UNUSED_FUNCTION = YES;
				GCC_WARN_UNUSED_VARIABLE = YES;
				IPHONEOS_DEPLOYMENT_TARGET = 13.0;
				MTL_ENABLE_DEBUG_INFO = INCLUDE_SOURCE;
				MTL_FAST_MATH = YES;
				ONLY_ACTIVE_ARCH = YES;
				SDKROOT = iphoneos;
				SWIFT_ACTIVE_COMPILATION_CONDITIONS = DEBUG;
				SWIFT_OPTIMIZATION_LEVEL = "-Onone";
				VALID_ARCHS = "arm64 armv7";
			};
			name = Debug;
		};
		47729E2922F447CA00B9B36B /* Release */ = {
			isa = XCBuildConfiguration;
			buildSettings = {
				ALWAYS_SEARCH_USER_PATHS = NO;
				CLANG_ANALYZER_NONNULL = YES;
				CLANG_ANALYZER_NUMBER_OBJECT_CONVERSION = YES_AGGRESSIVE;
				CLANG_CXX_LANGUAGE_STANDARD = "gnu++14";
				CLANG_CXX_LIBRARY = "libc++";
				CLANG_ENABLE_MODULES = YES;
				CLANG_ENABLE_OBJC_ARC = YES;
				CLANG_ENABLE_OBJC_WEAK = YES;
				CLANG_WARN_BLOCK_CAPTURE_AUTORELEASING = YES;
				CLANG_WARN_BOOL_CONVERSION = YES;
				CLANG_WARN_COMMA = YES;
				CLANG_WARN_CONSTANT_CONVERSION = YES;
				CLANG_WARN_DEPRECATED_OBJC_IMPLEMENTATIONS = YES;
				CLANG_WARN_DIRECT_OBJC_ISA_USAGE = YES_ERROR;
				CLANG_WARN_DOCUMENTATION_COMMENTS = YES;
				CLANG_WARN_EMPTY_BODY = YES;
				CLANG_WARN_ENUM_CONVERSION = YES;
				CLANG_WARN_INFINITE_RECURSION = YES;
				CLANG_WARN_INT_CONVERSION = YES;
				CLANG_WARN_NON_LITERAL_NULL_CONVERSION = YES;
				CLANG_WARN_OBJC_IMPLICIT_RETAIN_SELF = YES;
				CLANG_WARN_OBJC_LITERAL_CONVERSION = YES;
				CLANG_WARN_OBJC_ROOT_CLASS = YES_ERROR;
				CLANG_WARN_RANGE_LOOP_ANALYSIS = YES;
				CLANG_WARN_STRICT_PROTOTYPES = YES;
				CLANG_WARN_SUSPICIOUS_MOVE = YES;
				CLANG_WARN_UNGUARDED_AVAILABILITY = YES_AGGRESSIVE;
				CLANG_WARN_UNREACHABLE_CODE = YES;
				CLANG_WARN__DUPLICATE_METHOD_MATCH = YES;
				CODE_SIGN_IDENTITY = "iPhone Distribution: Joe Birch (8UY6XGA3FX)";
				COPY_PHASE_STRIP = NO;
				DEBUG_INFORMATION_FORMAT = "dwarf-with-dsym";
				DEVELOPMENT_TEAM = 8UY6XGA3FX;
				ENABLE_NS_ASSERTIONS = NO;
				ENABLE_ON_DEMAND_RESOURCES = NO;
				ENABLE_STRICT_OBJC_MSGSEND = YES;
				ENABLE_TESTABILITY = YES;
				FRAMEWORK_SEARCH_PATHS = "\"${PODS_ROOT}/../../../SharedAuthentication/build/cocoapods/framework\"";
				GCC_C_LANGUAGE_STANDARD = gnu11;
				GCC_NO_COMMON_BLOCKS = YES;
				GCC_WARN_64_TO_32_BIT_CONVERSION = YES;
				GCC_WARN_ABOUT_RETURN_TYPE = YES_ERROR;
				GCC_WARN_UNDECLARED_SELECTOR = YES;
				GCC_WARN_UNINITIALIZED_AUTOS = YES_AGGRESSIVE;
				GCC_WARN_UNUSED_FUNCTION = YES;
				GCC_WARN_UNUSED_VARIABLE = YES;
				IPHONEOS_DEPLOYMENT_TARGET = 13.0;
				MTL_ENABLE_DEBUG_INFO = NO;
				MTL_FAST_MATH = YES;
				SDKROOT = iphoneos;
				SWIFT_COMPILATION_MODE = wholemodule;
				SWIFT_OPTIMIZATION_LEVEL = "-O";
				VALIDATE_PRODUCT = YES;
				VALID_ARCHS = "arm64 armv7";
			};
			name = Release;
		};
		47729E2B22F447CA00B9B36B /* Debug */ = {
			isa = XCBuildConfiguration;
			baseConfigurationReference = E25E1C91E9D0DA3A02213C68 /* Pods-KotlinIOS.debug.xcconfig */;
			buildSettings = {
				ASSETCATALOG_COMPILER_APPICON_NAME = AppIcon;
				CODE_SIGN_IDENTITY = "iPhone Distribution: Joe Birch (8UY6XGA3FX)";
				CODE_SIGN_STYLE = Manual;
				CURRENT_PROJECT_VERSION = 1;
				DEAD_CODE_STRIPPING = NO;
				DEVELOPMENT_TEAM = 8UY6XGA3FX;
				ENABLE_ON_DEMAND_RESOURCES = YES;
				FRAMEWORK_SEARCH_PATHS = "$(inherited)";
				HEADER_SEARCH_PATHS = "$(inherited)";
				INFOPLIST_FILE = KotlinIOS/Info.plist;
				LD_RUNPATH_SEARCH_PATHS = (
					"$(inherited)",
					"@executable_path/Frameworks",
				);
				ONLY_ACTIVE_ARCH = YES;
				PRODUCT_BUNDLE_IDENTIFIER = co.joebirch.minimise;
				PRODUCT_NAME = "$(TARGET_NAME)";
				PROVISIONING_PROFILE_SPECIFIER = github_actions;
				STRIP_INSTALLED_PRODUCT = NO;
				STRIP_STYLE = debugging;
				STRIP_SWIFT_SYMBOLS = NO;
				SWIFT_VERSION = 5.0;
				TARGETED_DEVICE_FAMILY = 1;
				VALID_ARCHS = "arm64 armv7";
			};
			name = Debug;
		};
		47729E2C22F447CA00B9B36B /* Release */ = {
			isa = XCBuildConfiguration;
			baseConfigurationReference = 8FB14B7CD4BB642FC2BBD484 /* Pods-KotlinIOS.release.xcconfig */;
			buildSettings = {
				ASSETCATALOG_COMPILER_APPICON_NAME = AppIcon;
				CODE_SIGN_IDENTITY = "iPhone Distribution: Joe Birch (8UY6XGA3FX)";
				CODE_SIGN_STYLE = Manual;
				CURRENT_PROJECT_VERSION = 1;
				DEAD_CODE_STRIPPING = NO;
				DEVELOPMENT_TEAM = 8UY6XGA3FX;
				ENABLE_ON_DEMAND_RESOURCES = YES;
				FRAMEWORK_SEARCH_PATHS = "$(inherited)";
				HEADER_SEARCH_PATHS = "$(inherited)";
				INFOPLIST_FILE = KotlinIOS/Info.plist;
				LD_RUNPATH_SEARCH_PATHS = (
					"$(inherited)",
					"@executable_path/Frameworks",
				);
				ONLY_ACTIVE_ARCH = NO;
				PRODUCT_BUNDLE_IDENTIFIER = co.joebirch.minimise;
				PRODUCT_NAME = "$(TARGET_NAME)";
				PROVISIONING_PROFILE_SPECIFIER = github_actions;
				STRIP_INSTALLED_PRODUCT = NO;
				STRIP_STYLE = debugging;
				STRIP_SWIFT_SYMBOLS = NO;
				SWIFT_VERSION = 5.0;
				TARGETED_DEVICE_FAMILY = 1;
				VALID_ARCHS = "arm64 armv7";
			};
			name = Release;
		};
		47729E2E22F447CA00B9B36B /* Debug */ = {
			isa = XCBuildConfiguration;
			baseConfigurationReference = C959B37508129BB3ADC43E5B /* Pods-KotlinIOSTests.debug.xcconfig */;
			buildSettings = {
				ALWAYS_EMBED_SWIFT_STANDARD_LIBRARIES = YES;
				BUNDLE_LOADER = "$(TEST_HOST)";
				CODE_SIGN_STYLE = Automatic;
				INFOPLIST_FILE = KotlinIOSTests/Info.plist;
				LD_RUNPATH_SEARCH_PATHS = (
					"$(inherited)",
					"@executable_path/Frameworks",
					"@loader_path/Frameworks",
				);
				PRODUCT_BUNDLE_IDENTIFIER = com.jetbrains.handson.mpp.mobile.KotlinIOSTests;
				PRODUCT_NAME = "$(TARGET_NAME)";
				SWIFT_VERSION = 5.0;
				TARGETED_DEVICE_FAMILY = "1,2";
				TEST_HOST = "$(BUILT_PRODUCTS_DIR)/KotlinIOS.app/KotlinIOS";
			};
			name = Debug;
		};
		47729E2F22F447CA00B9B36B /* Release */ = {
			isa = XCBuildConfiguration;
			baseConfigurationReference = 386D9CEBF5599C42265F499F /* Pods-KotlinIOSTests.release.xcconfig */;
			buildSettings = {
				ALWAYS_EMBED_SWIFT_STANDARD_LIBRARIES = YES;
				BUNDLE_LOADER = "$(TEST_HOST)";
				CODE_SIGN_STYLE = Automatic;
				INFOPLIST_FILE = KotlinIOSTests/Info.plist;
				LD_RUNPATH_SEARCH_PATHS = (
					"$(inherited)",
					"@executable_path/Frameworks",
					"@loader_path/Frameworks",
				);
				PRODUCT_BUNDLE_IDENTIFIER = com.jetbrains.handson.mpp.mobile.KotlinIOSTests;
				PRODUCT_NAME = "$(TARGET_NAME)";
				SWIFT_VERSION = 5.0;
				TARGETED_DEVICE_FAMILY = "1,2";
				TEST_HOST = "$(BUILT_PRODUCTS_DIR)/KotlinIOS.app/KotlinIOS";
			};
			name = Release;
		};
		47729E3122F447CA00B9B36B /* Debug */ = {
			isa = XCBuildConfiguration;
			baseConfigurationReference = 74BF04D0E4921AFA59779359 /* Pods-KotlinIOS-KotlinIOSUITests.debug.xcconfig */;
			buildSettings = {
				ALWAYS_EMBED_SWIFT_STANDARD_LIBRARIES = YES;
				CODE_SIGN_STYLE = Automatic;
				INFOPLIST_FILE = KotlinIOSUITests/Info.plist;
				LD_RUNPATH_SEARCH_PATHS = (
					"$(inherited)",
					"@executable_path/Frameworks",
					"@loader_path/Frameworks",
				);
				PRODUCT_BUNDLE_IDENTIFIER = com.jetbrains.handson.mpp.mobile.KotlinIOSUITests;
				PRODUCT_NAME = "$(TARGET_NAME)";
				SWIFT_VERSION = 5.0;
				TARGETED_DEVICE_FAMILY = "1,2";
				TEST_TARGET_NAME = KotlinIOS;
			};
			name = Debug;
		};
		47729E3222F447CA00B9B36B /* Release */ = {
			isa = XCBuildConfiguration;
			baseConfigurationReference = A2504D3564C879D611B4672B /* Pods-KotlinIOS-KotlinIOSUITests.release.xcconfig */;
			buildSettings = {
				ALWAYS_EMBED_SWIFT_STANDARD_LIBRARIES = YES;
				CODE_SIGN_STYLE = Automatic;
				INFOPLIST_FILE = KotlinIOSUITests/Info.plist;
				LD_RUNPATH_SEARCH_PATHS = (
					"$(inherited)",
					"@executable_path/Frameworks",
					"@loader_path/Frameworks",
				);
				PRODUCT_BUNDLE_IDENTIFIER = com.jetbrains.handson.mpp.mobile.KotlinIOSUITests;
				PRODUCT_NAME = "$(TARGET_NAME)";
				SWIFT_VERSION = 5.0;
				TARGETED_DEVICE_FAMILY = "1,2";
				TEST_TARGET_NAME = KotlinIOS;
			};
			name = Release;
		};
/* End XCBuildConfiguration section */

/* Begin XCConfigurationList section */
		426F9AF923C6437C00A8437A /* Build configuration list for PBXNativeTarget "Authentication" */ = {
			isa = XCConfigurationList;
			buildConfigurations = (
				426F9AFA23C6437C00A8437A /* Debug */,
				426F9AFB23C6437C00A8437A /* Release */,
			);
			defaultConfigurationIsVisible = 0;
			defaultConfigurationName = Release;
		};
		426F9AFC23C6437C00A8437A /* Build configuration list for PBXNativeTarget "AuthenticationTests" */ = {
			isa = XCConfigurationList;
			buildConfigurations = (
				426F9AFD23C6437C00A8437A /* Debug */,
				426F9AFE23C6437C00A8437A /* Release */,
			);
			defaultConfigurationIsVisible = 0;
			defaultConfigurationName = Release;
		};
		47729DFD22F447C800B9B36B /* Build configuration list for PBXProject "KotlinIOS" */ = {
			isa = XCConfigurationList;
			buildConfigurations = (
				47729E2822F447CA00B9B36B /* Debug */,
				47729E2922F447CA00B9B36B /* Release */,
			);
			defaultConfigurationIsVisible = 0;
			defaultConfigurationName = Release;
		};
		47729E2A22F447CA00B9B36B /* Build configuration list for PBXNativeTarget "KotlinIOS" */ = {
			isa = XCConfigurationList;
			buildConfigurations = (
				47729E2B22F447CA00B9B36B /* Debug */,
				47729E2C22F447CA00B9B36B /* Release */,
			);
			defaultConfigurationIsVisible = 0;
			defaultConfigurationName = Release;
		};
		47729E2D22F447CA00B9B36B /* Build configuration list for PBXNativeTarget "KotlinIOSTests" */ = {
			isa = XCConfigurationList;
			buildConfigurations = (
				47729E2E22F447CA00B9B36B /* Debug */,
				47729E2F22F447CA00B9B36B /* Release */,
			);
			defaultConfigurationIsVisible = 0;
			defaultConfigurationName = Release;
		};
		47729E3022F447CA00B9B36B /* Build configuration list for PBXNativeTarget "KotlinIOSUITests" */ = {
			isa = XCConfigurationList;
			buildConfigurations = (
				47729E3122F447CA00B9B36B /* Debug */,
				47729E3222F447CA00B9B36B /* Release */,
			);
			defaultConfigurationIsVisible = 0;
			defaultConfigurationName = Release;
		};
/* End XCConfigurationList section */
	};
	rootObject = 47729DFA22F447C800B9B36B /* Project object */;
}
