PODS:
  - SharedAuthentication (1.0)

DEPENDENCIES:
  - SharedAuthentication (from `../../shared/SharedAuthentication`)

EXTERNAL SOURCES:
  SharedAuthentication:
    :path: "../../shared/SharedAuthentication"

SPEC CHECKSUMS:
  SharedAuthentication: e490b8fac561199a4f6551b86bc25c243b803f6a

PODFILE CHECKSUM: c63984630f8bb213070eca2cb96a32985c909208

COCOAPODS: 1.9.1
