PODS:
  - SharedAuthentication (1.0)

DEPENDENCIES:
  - SharedAuthentication (from `/Users/joebirch/Dev/MinimiseMultiplatform/shared/SharedAuthentication`)

EXTERNAL SOURCES:
  SharedAuthentication:
    :path: "/Users/joebirch/Dev/MinimiseMultiplatform/shared/SharedAuthentication"

SPEC CHECKSUMS:
  SharedAuthentication: e490b8fac561199a4f6551b86bc25c243b803f6a

PODFILE CHECKSUM: c1639145d25ba315eb03990c76a595598657c4ac

COCOAPODS: 1.9.1
