PODS:
  - SharedAuthentication (1.0)

DEPENDENCIES:
  - SharedAuthentication (from `../../shared/SharedAuthentication`)

EXTERNAL SOURCES:
  SharedAuthentication:
    :path: "../../shared/SharedAuthentication"

SPEC CHECKSUMS:
  SharedAuthentication: e490b8fac561199a4f6551b86bc25c243b803f6a

PODFILE CHECKSUM: 3de647828b54db7028caf24904c303af38e826e6

COCOAPODS: 1.9.1
